// !$*UTF8*$!
{
	archiveVersion = 1;
	classes = {
	};
	objectVersion = 46;
	objects = {

/* Begin PBXBuildFile section */
		24C86AB51B435D9A00C72CA1 /* SwiftyJSON.swift in Sources */ = {isa = PBXBuildFile; fileRef = 24C86AB41B435D9A00C72CA1 /* SwiftyJSON.swift */; };
		24C86AB71B435DC600C72CA1 /* RestApiManager.swift in Sources */ = {isa = PBXBuildFile; fileRef = 24C86AB61B435DC600C72CA1 /* RestApiManager.swift */; };
		8CE3034A1B350CB90021E71A /* AppDelegate.swift in Sources */ = {isa = PBXBuildFile; fileRef = 8CE303491B350CB90021E71A /* AppDelegate.swift */; };
		8CE3034C1B350CB90021E71A /* ViewController.swift in Sources */ = {isa = PBXBuildFile; fileRef = 8CE3034B1B350CB90021E71A /* ViewController.swift */; };
		8CE3034F1B350CB90021E71A /* Main.storyboard in Resources */ = {isa = PBXBuildFile; fileRef = 8CE3034D1B350CB90021E71A /* Main.storyboard */; };
		8CE303511B350CB90021E71A /* Images.xcassets in Resources */ = {isa = PBXBuildFile; fileRef = 8CE303501B350CB90021E71A /* Images.xcassets */; };
		8CE303541B350CB90021E71A /* LaunchScreen.xib in Resources */ = {isa = PBXBuildFile; fileRef = 8CE303521B350CB90021E71A /* LaunchScreen.xib */; };
		8CE303601B350CB90021E71A /* CulturalTrailTests.swift in Sources */ = {isa = PBXBuildFile; fileRef = 8CE3035F1B350CB90021E71A /* CulturalTrailTests.swift */; };
/* End PBXBuildFile section */

/* Begin PBXContainerItemProxy section */
		8CE3035A1B350CB90021E71A /* PBXContainerItemProxy */ = {
			isa = PBXContainerItemProxy;
			containerPortal = 8CE3033C1B350CB90021E71A /* Project object */;
			proxyType = 1;
			remoteGlobalIDString = 8CE303431B350CB90021E71A;
			remoteInfo = CulturalTrail;
		};
/* End PBXContainerItemProxy section */

/* Begin PBXFileReference section */
		24C86AB41B435D9A00C72CA1 /* SwiftyJSON.swift */ = {isa = PBXFileReference; fileEncoding = 4; lastKnownFileType = sourcecode.swift; path = SwiftyJSON.swift; sourceTree = "<group>"; };
		24C86AB61B435DC600C72CA1 /* RestApiManager.swift */ = {isa = PBXFileReference; fileEncoding = 4; lastKnownFileType = sourcecode.swift; path = RestApiManager.swift; sourceTree = "<group>"; };
		8CE303441B350CB90021E71A /* CulturalTrail.app */ = {isa = PBXFileReference; explicitFileType = wrapper.application; includeInIndex = 0; path = CulturalTrail.app; sourceTree = BUILT_PRODUCTS_DIR; };
		8CE303481B350CB90021E71A /* Info.plist */ = {isa = PBXFileReference; lastKnownFileType = text.plist.xml; path = Info.plist; sourceTree = "<group>"; };
		8CE303491B350CB90021E71A /* AppDelegate.swift */ = {isa = PBXFileReference; lastKnownFileType = sourcecode.swift; path = AppDelegate.swift; sourceTree = "<group>"; };
		8CE3034B1B350CB90021E71A /* ViewController.swift */ = {isa = PBXFileReference; lastKnownFileType = sourcecode.swift; path = ViewController.swift; sourceTree = "<group>"; };
		8CE3034E1B350CB90021E71A /* Base */ = {isa = PBXFileReference; lastKnownFileType = file.storyboard; name = Base; path = Base.lproj/Main.storyboard; sourceTree = "<group>"; };
		8CE303501B350CB90021E71A /* Images.xcassets */ = {isa = PBXFileReference; lastKnownFileType = folder.assetcatalog; path = Images.xcassets; sourceTree = "<group>"; };
		8CE303531B350CB90021E71A /* Base */ = {isa = PBXFileReference; lastKnownFileType = file.xib; name = Base; path = Base.lproj/LaunchScreen.xib; sourceTree = "<group>"; };
		8CE303591B350CB90021E71A /* CulturalTrailTests.xctest */ = {isa = PBXFileReference; explicitFileType = wrapper.cfbundle; includeInIndex = 0; path = CulturalTrailTests.xctest; sourceTree = BUILT_PRODUCTS_DIR; };
		8CE3035E1B350CB90021E71A /* Info.plist */ = {isa = PBXFileReference; lastKnownFileType = text.plist.xml; path = Info.plist; sourceTree = "<group>"; };
		8CE3035F1B350CB90021E71A /* CulturalTrailTests.swift */ = {isa = PBXFileReference; lastKnownFileType = sourcecode.swift; path = CulturalTrailTests.swift; sourceTree = "<group>"; };
/* End PBXFileReference section */

/* Begin PBXFrameworksBuildPhase section */
		8CE303411B350CB90021E71A /* Frameworks */ = {
			isa = PBXFrameworksBuildPhase;
			buildActionMask = 2147483647;
			files = (
			);
			runOnlyForDeploymentPostprocessing = 0;
		};
		8CE303561B350CB90021E71A /* Frameworks */ = {
			isa = PBXFrameworksBuildPhase;
			buildActionMask = 2147483647;
			files = (
			);
			runOnlyForDeploymentPostprocessing = 0;
		};
/* End PBXFrameworksBuildPhase section */

/* Begin PBXGroup section */
		8CE3033B1B350CB90021E71A = {
			isa = PBXGroup;
			children = (
				8CE303461B350CB90021E71A /* CulturalTrail */,
				8CE3035C1B350CB90021E71A /* CulturalTrailTests */,
				8CE303451B350CB90021E71A /* Products */,
			);
			sourceTree = "<group>";
		};
		8CE303451B350CB90021E71A /* Products */ = {
			isa = PBXGroup;
			children = (
				8CE303441B350CB90021E71A /* CulturalTrail.app */,
				8CE303591B350CB90021E71A /* CulturalTrailTests.xctest */,
			);
			name = Products;
			sourceTree = "<group>";
		};
		8CE303461B350CB90021E71A /* CulturalTrail */ = {
			isa = PBXGroup;
			children = (
				8CE303491B350CB90021E71A /* AppDelegate.swift */,
				8CE3034B1B350CB90021E71A /* ViewController.swift */,
				24C86AB41B435D9A00C72CA1 /* SwiftyJSON.swift */,
				8CE3034D1B350CB90021E71A /* Main.storyboard */,
				24C86AB61B435DC600C72CA1 /* RestApiManager.swift */,
				8CE303501B350CB90021E71A /* Images.xcassets */,
				8CE303521B350CB90021E71A /* LaunchScreen.xib */,
				8CE303471B350CB90021E71A /* Supporting Files */,
			);
			path = CulturalTrail;
			sourceTree = "<group>";
		};
		8CE303471B350CB90021E71A /* Supporting Files */ = {
			isa = PBXGroup;
			children = (
				8CE303481B350CB90021E71A /* Info.plist */,
			);
			name = "Supporting Files";
			sourceTree = "<group>";
		};
		8CE3035C1B350CB90021E71A /* CulturalTrailTests */ = {
			isa = PBXGroup;
			children = (
				8CE3035F1B350CB90021E71A /* CulturalTrailTests.swift */,
				8CE3035D1B350CB90021E71A /* Supporting Files */,
			);
			path = CulturalTrailTests;
			sourceTree = "<group>";
		};
		8CE3035D1B350CB90021E71A /* Supporting Files */ = {
			isa = PBXGroup;
			children = (
				8CE3035E1B350CB90021E71A /* Info.plist */,
			);
			name = "Supporting Files";
			sourceTree = "<group>";
		};
/* End PBXGroup section */

/* Begin PBXNativeTarget section */
		8CE303431B350CB90021E71A /* CulturalTrail */ = {
			isa = PBXNativeTarget;
			buildConfigurationList = 8CE303631B350CB90021E71A /* Build configuration list for PBXNativeTarget "CulturalTrail" */;
			buildPhases = (
				8CE303401B350CB90021E71A /* Sources */,
				8CE303411B350CB90021E71A /* Frameworks */,
				8CE303421B350CB90021E71A /* Resources */,
			);
			buildRules = (
			);
			dependencies = (
			);
			name = CulturalTrail;
			productName = CulturalTrail;
			productReference = 8CE303441B350CB90021E71A /* CulturalTrail.app */;
			productType = "com.apple.product-type.application";
		};
		8CE303581B350CB90021E71A /* CulturalTrailTests */ = {
			isa = PBXNativeTarget;
			buildConfigurationList = 8CE303661B350CB90021E71A /* Build configuration list for PBXNativeTarget "CulturalTrailTests" */;
			buildPhases = (
				8CE303551B350CB90021E71A /* Sources */,
				8CE303561B350CB90021E71A /* Frameworks */,
				8CE303571B350CB90021E71A /* Resources */,
			);
			buildRules = (
			);
			dependencies = (
				8CE3035B1B350CB90021E71A /* PBXTargetDependency */,
			);
			name = CulturalTrailTests;
			productName = CulturalTrailTests;
			productReference = 8CE303591B350CB90021E71A /* CulturalTrailTests.xctest */;
			productType = "com.apple.product-type.bundle.unit-test";
		};
/* End PBXNativeTarget section */

/* Begin PBXProject section */
		8CE3033C1B350CB90021E71A /* Project object */ = {
			isa = PBXProject;
			attributes = {
				LastUpgradeCheck = 0630;
				ORGANIZATIONNAME = "Indy Cultural Trail";
				TargetAttributes = {
					8CE303431B350CB90021E71A = {
						CreatedOnToolsVersion = 6.3.2;
					};
					8CE303581B350CB90021E71A = {
						CreatedOnToolsVersion = 6.3.2;
						TestTargetID = 8CE303431B350CB90021E71A;
					};
				};
			};
			buildConfigurationList = 8CE3033F1B350CB90021E71A /* Build configuration list for PBXProject "CulturalTrail" */;
			compatibilityVersion = "Xcode 3.2";
			developmentRegion = English;
			hasScannedForEncodings = 0;
			knownRegions = (
				en,
				Base,
			);
			mainGroup = 8CE3033B1B350CB90021E71A;
			productRefGroup = 8CE303451B350CB90021E71A /* Products */;
			projectDirPath = "";
			projectRoot = "";
			targets = (
				8CE303431B350CB90021E71A /* CulturalTrail */,
				8CE303581B350CB90021E71A /* CulturalTrailTests */,
			);
		};
/* End PBXProject section */

/* Begin PBXResourcesBuildPhase section */
		8CE303421B350CB90021E71A /* Resources */ = {
			isa = PBXResourcesBuildPhase;
			buildActionMask = 2147483647;
			files = (
				8CE3034F1B350CB90021E71A /* Main.storyboard in Resources */,
				8CE303541B350CB90021E71A /* LaunchScreen.xib in Resources */,
				8CE303511B350CB90021E71A /* Images.xcassets in Resources */,
			);
			runOnlyForDeploymentPostprocessing = 0;
		};
		8CE303571B350CB90021E71A /* Resources */ = {
			isa = PBXResourcesBuildPhase;
			buildActionMask = 2147483647;
			files = (
			);
			runOnlyForDeploymentPostprocessing = 0;
		};
/* End PBXResourcesBuildPhase section */

/* Begin PBXSourcesBuildPhase section */
		8CE303401B350CB90021E71A /* Sources */ = {
			isa = PBXSourcesBuildPhase;
			buildActionMask = 2147483647;
			files = (
				24C86AB51B435D9A00C72CA1 /* SwiftyJSON.swift in Sources */,
				8CE3034C1B350CB90021E71A /* ViewController.swift in Sources */,
				24C86AB71B435DC600C72CA1 /* RestApiManager.swift in Sources */,
				8CE3034A1B350CB90021E71A /* AppDelegate.swift in Sources */,
			);
			runOnlyForDeploymentPostprocessing = 0;
		};
		8CE303551B350CB90021E71A /* Sources */ = {
			isa = PBXSourcesBuildPhase;
			buildActionMask = 2147483647;
			files = (
				8CE303601B350CB90021E71A /* CulturalTrailTests.swift in Sources */,
			);
			runOnlyForDeploymentPostprocessing = 0;
		};
/* End PBXSourcesBuildPhase section */

/* Begin PBXTargetDependency section */
		8CE3035B1B350CB90021E71A /* PBXTargetDependency */ = {
			isa = PBXTargetDependency;
			target = 8CE303431B350CB90021E71A /* CulturalTrail */;
			targetProxy = 8CE3035A1B350CB90021E71A /* PBXContainerItemProxy */;
		};
/* End PBXTargetDependency section */

/* Begin PBXVariantGroup section */
		8CE3034D1B350CB90021E71A /* Main.storyboard */ = {
			isa = PBXVariantGroup;
			children = (
				8CE3034E1B350CB90021E71A /* Base */,
			);
			name = Main.storyboard;
			sourceTree = "<group>";
		};
		8CE303521B350CB90021E71A /* LaunchScreen.xib */ = {
			isa = PBXVariantGroup;
			children = (
				8CE303531B350CB90021E71A /* Base */,
			);
			name = LaunchScreen.xib;
			sourceTree = "<group>";
		};
/* End PBXVariantGroup section */

/* Begin XCBuildConfiguration section */
		8CE303611B350CB90021E71A /* Debug */ = {
			isa = XCBuildConfiguration;
			buildSettings = {
				ALWAYS_SEARCH_USER_PATHS = NO;
				CLANG_CXX_LANGUAGE_STANDARD = "gnu++0x";
				CLANG_CXX_LIBRARY = "libc++";
				CLANG_ENABLE_MODULES = YES;
				CLANG_ENABLE_OBJC_ARC = YES;
				CLANG_WARN_BOOL_CONVERSION = YES;
				CLANG_WARN_CONSTANT_CONVERSION = YES;
				CLANG_WARN_DIRECT_OBJC_ISA_USAGE = YES_ERROR;
				CLANG_WARN_EMPTY_BODY = YES;
				CLANG_WARN_ENUM_CONVERSION = YES;
				CLANG_WARN_INT_CONVERSION = YES;
				CLANG_WARN_OBJC_ROOT_CLASS = YES_ERROR;
				CLANG_WARN_UNREACHABLE_CODE = YES;
				CLANG_WARN__DUPLICATE_METHOD_MATCH = YES;
				"CODE_SIGN_IDENTITY[sdk=iphoneos*]" = "iPhone Developer";
				COPY_PHASE_STRIP = NO;
				DEBUG_INFORMATION_FORMAT = "dwarf-with-dsym";
				ENABLE_STRICT_OBJC_MSGSEND = YES;
				GCC_C_LANGUAGE_STANDARD = gnu99;
				GCC_DYNAMIC_NO_PIC = NO;
				GCC_NO_COMMON_BLOCKS = YES;
				GCC_OPTIMIZATION_LEVEL = 0;
				GCC_PREPROCESSOR_DEFINITIONS = (
					"DEBUG=1",
					"$(inherited)",
				);
				GCC_SYMBOLS_PRIVATE_EXTERN = NO;
				GCC_WARN_64_TO_32_BIT_CONVERSION = YES;
				GCC_WARN_ABOUT_RETURN_TYPE = YES_ERROR;
				GCC_WARN_UNDECLARED_SELECTOR = YES;
				GCC_WARN_UNINITIALIZED_AUTOS = YES_AGGRESSIVE;
				GCC_WARN_UNUSED_FUNCTION = YES;
				GCC_WARN_UNUSED_VARIABLE = YES;
				IPHONEOS_DEPLOYMENT_TARGET = 8.3;
				MTL_ENABLE_DEBUG_INFO = YES;
				ONLY_ACTIVE_ARCH = YES;
				SDKROOT = iphoneos;
				SWIFT_OPTIMIZATION_LEVEL = "-Onone";
				TARGETED_DEVICE_FAMILY = "1,2";
			};
			name = Debug;
		};
		8CE303621B350CB90021E71A /* Release */ = {
			isa = XCBuildConfiguration;
			buildSettings = {
				ALWAYS_SEARCH_USER_PATHS = NO;
				CLANG_CXX_LANGUAGE_STANDARD = "gnu++0x";
				CLANG_CXX_LIBRARY = "libc++";
				CLANG_ENABLE_MODULES = YES;
				CLANG_ENABLE_OBJC_ARC = YES;
				CLANG_WARN_BOOL_CONVERSION = YES;
				CLANG_WARN_CONSTANT_CONVERSION = YES;
				CLANG_WARN_DIRECT_OBJC_ISA_USAGE = YES_ERROR;
				CLANG_WARN_EMPTY_BODY = YES;
				CLANG_WARN_ENUM_CONVERSION = YES;
				CLANG_WARN_INT_CONVERSION = YES;
				CLANG_WARN_OBJC_ROOT_CLASS = YES_ERROR;
				CLANG_WARN_UNREACHABLE_CODE = YES;
				CLANG_WARN__DUPLICATE_METHOD_MATCH = YES;
				"CODE_SIGN_IDENTITY[sdk=iphoneos*]" = "iPhone Developer";
				COPY_PHASE_STRIP = NO;
				DEBUG_INFORMATION_FORMAT = "dwarf-with-dsym";
				ENABLE_NS_ASSERTIONS = NO;
				ENABLE_STRICT_OBJC_MSGSEND = YES;
				GCC_C_LANGUAGE_STANDARD = gnu99;
				GCC_NO_COMMON_BLOCKS = YES;
				GCC_WARN_64_TO_32_BIT_CONVERSION = YES;
				GCC_WARN_ABOUT_RETURN_TYPE = YES_ERROR;
				GCC_WARN_UNDECLARED_SELECTOR = YES;
				GCC_WARN_UNINITIALIZED_AUTOS = YES_AGGRESSIVE;
				GCC_WARN_UNUSED_FUNCTION = YES;
				GCC_WARN_UNUSED_VARIABLE = YES;
				IPHONEOS_DEPLOYMENT_TARGET = 8.3;
				MTL_ENABLE_DEBUG_INFO = NO;
				SDKROOT = iphoneos;
				TARGETED_DEVICE_FAMILY = "1,2";
				VALIDATE_PRODUCT = YES;
			};
			name = Release;
		};
		8CE303641B350CB90021E71A /* Debug */ = {
			isa = XCBuildConfiguration;
			buildSettings = {
				ASSETCATALOG_COMPILER_APPICON_NAME = AppIcon;
				CODE_SIGN_IDENTITY = "iPhone Developer";
				INFOPLIST_FILE = CulturalTrail/Info.plist;
				LD_RUNPATH_SEARCH_PATHS = "$(inherited) @executable_path/Frameworks";
				PRODUCT_NAME = "$(TARGET_NAME)";
			};
			name = Debug;
		};
		8CE303651B350CB90021E71A /* Release */ = {
			isa = XCBuildConfiguration;
			buildSettings = {
				ASSETCATALOG_COMPILER_APPICON_NAME = AppIcon;
				CODE_SIGN_IDENTITY = "iPhone Developer";
				INFOPLIST_FILE = CulturalTrail/Info.plist;
				LD_RUNPATH_SEARCH_PATHS = "$(inherited) @executable_path/Frameworks";
				PRODUCT_NAME = "$(TARGET_NAME)";
			};
			name = Release;
		};
		8CE303671B350CB90021E71A /* Debug */ = {
			isa = XCBuildConfiguration;
			buildSettings = {
				BUNDLE_LOADER = "$(TEST_HOST)";
				FRAMEWORK_SEARCH_PATHS = (
					"$(SDKROOT)/Developer/Library/Frameworks",
					"$(inherited)",
				);
				GCC_PREPROCESSOR_DEFINITIONS = (
					"DEBUG=1",
					"$(inherited)",
				);
				INFOPLIST_FILE = CulturalTrailTests/Info.plist;
				LD_RUNPATH_SEARCH_PATHS = "$(inherited) @executable_path/Frameworks @loader_path/Frameworks";
				PRODUCT_NAME = "$(TARGET_NAME)";
				TEST_HOST = "$(BUILT_PRODUCTS_DIR)/CulturalTrail.app/CulturalTrail";
			};
			name = Debug;
		};
		8CE303681B350CB90021E71A /* Release */ = {
			isa = XCBuildConfiguration;
			buildSettings = {
				BUNDLE_LOADER = "$(TEST_HOST)";
				FRAMEWORK_SEARCH_PATHS = (
					"$(SDKROOT)/Developer/Library/Frameworks",
					"$(inherited)",
				);
				INFOPLIST_FILE = CulturalTrailTests/Info.plist;
				LD_RUNPATH_SEARCH_PATHS = "$(inherited) @executable_path/Frameworks @loader_path/Frameworks";
				PRODUCT_NAME = "$(TARGET_NAME)";
				TEST_HOST = "$(BUILT_PRODUCTS_DIR)/CulturalTrail.app/CulturalTrail";
			};
			name = Release;
		};
/* End XCBuildConfiguration section */

/* Begin XCConfigurationList section */
		8CE3033F1B350CB90021E71A /* Build configuration list for PBXProject "CulturalTrail" */ = {
			isa = XCConfigurationList;
			buildConfigurations = (
				8CE303611B350CB90021E71A /* Debug */,
				8CE303621B350CB90021E71A /* Release */,
			);
			defaultConfigurationIsVisible = 0;
			defaultConfigurationName = Release;
		};
		8CE303631B350CB90021E71A /* Build configuration list for PBXNativeTarget "CulturalTrail" */ = {
			isa = XCConfigurationList;
			buildConfigurations = (
				8CE303641B350CB90021E71A /* Debug */,
				8CE303651B350CB90021E71A /* Release */,
			);
			defaultConfigurationIsVisible = 0;
			defaultConfigurationName = Release;
		};
		8CE303661B350CB90021E71A /* Build configuration list for PBXNativeTarget "CulturalTrailTests" */ = {
			isa = XCConfigurationList;
			buildConfigurations = (
				8CE303671B350CB90021E71A /* Debug */,
				8CE303681B350CB90021E71A /* Release */,
			);
			defaultConfigurationIsVisible = 0;
			defaultConfigurationName = Release;
		};
/* End XCConfigurationList section */
	};
	rootObject = 8CE3033C1B350CB90021E71A /* Project object */;
}
